// !$*UTF8*$!
{
	archiveVersion = 1;
	classes = {
	};
	objectVersion = 50;
	objects = {

/* Begin PBXBuildFile section */
		A64221932181A73B0018A7F4 /* AppDelegate.swift in Sources */ = {isa = PBXBuildFile; fileRef = A64221922181A73B0018A7F4 /* AppDelegate.swift */; };
		A64221952181A73B0018A7F4 /* ViewController.swift in Sources */ = {isa = PBXBuildFile; fileRef = A64221942181A73B0018A7F4 /* ViewController.swift */; };
		A64221982181A73B0018A7F4 /* Main.storyboard in Resources */ = {isa = PBXBuildFile; fileRef = A64221962181A73B0018A7F4 /* Main.storyboard */; };
		A642219B2181A73B0018A7F4 /* Signup.xcdatamodeld in Sources */ = {isa = PBXBuildFile; fileRef = A64221992181A73B0018A7F4 /* Signup.xcdatamodeld */; };
		A642219D2181A73D0018A7F4 /* Assets.xcassets in Resources */ = {isa = PBXBuildFile; fileRef = A642219C2181A73D0018A7F4 /* Assets.xcassets */; };
		A64221A02181A73D0018A7F4 /* LaunchScreen.storyboard in Resources */ = {isa = PBXBuildFile; fileRef = A642219E2181A73D0018A7F4 /* LaunchScreen.storyboard */; };
		CA278CC52188C1710079812F /* TextFieldView.xib in Resources */ = {isa = PBXBuildFile; fileRef = CA278CC42188C1700079812F /* TextFieldView.xib */; };
		CA278CC92188C40E0079812F /* CitiesTableViewCell.swift in Sources */ = {isa = PBXBuildFile; fileRef = CA278CC72188C40E0079812F /* CitiesTableViewCell.swift */; };
		CA278CCA2188C40E0079812F /* CitiesTableViewCell.xib in Resources */ = {isa = PBXBuildFile; fileRef = CA278CC82188C40E0079812F /* CitiesTableViewCell.xib */; };
		CA45D1F02187046300CFA7C4 /* GoogleAutocomplete.swift in Sources */ = {isa = PBXBuildFile; fileRef = CA45D1EF2187046300CFA7C4 /* GoogleAutocomplete.swift */; };
		CA45D1F2218710D900CFA7C4 /* TextFieldModel.swift in Sources */ = {isa = PBXBuildFile; fileRef = CA45D1F1218710D900CFA7C4 /* TextFieldModel.swift */; };
		CABA16DC2185C17B007FE918 /* CollectionViewCell.swift in Sources */ = {isa = PBXBuildFile; fileRef = CABA16DA2185C17B007FE918 /* CollectionViewCell.swift */; };
		CABA16DD2185C17B007FE918 /* CollectionViewCell.xib in Resources */ = {isa = PBXBuildFile; fileRef = CABA16DB2185C17B007FE918 /* CollectionViewCell.xib */; };
		CABA16E12185DB70007FE918 /* Steps.swift in Sources */ = {isa = PBXBuildFile; fileRef = CABA16E02185DB70007FE918 /* Steps.swift */; };
		CABA16E32185F0AD007FE918 /* TextFieldView.swift in Sources */ = {isa = PBXBuildFile; fileRef = CABA16E22185F0AD007FE918 /* TextFieldView.swift */; };
		E553CCCA1AD22CFB4AB5BA60 /* Pods_Signup.framework in Frameworks */ = {isa = PBXBuildFile; fileRef = 0755B72B1FF47D62E8164A18 /* Pods_Signup.framework */; };
/* End PBXBuildFile section */

/* Begin PBXFileReference section */
		0755B72B1FF47D62E8164A18 /* Pods_Signup.framework */ = {isa = PBXFileReference; explicitFileType = wrapper.framework; includeInIndex = 0; path = Pods_Signup.framework; sourceTree = BUILT_PRODUCTS_DIR; };
		54431098D6FA10E4019A6406 /* Pods-Signup.release.xcconfig */ = {isa = PBXFileReference; includeInIndex = 1; lastKnownFileType = text.xcconfig; name = "Pods-Signup.release.xcconfig"; path = "Pods/Target Support Files/Pods-Signup/Pods-Signup.release.xcconfig"; sourceTree = "<group>"; };
		A642218F2181A73B0018A7F4 /* Signup.app */ = {isa = PBXFileReference; explicitFileType = wrapper.application; includeInIndex = 0; path = Signup.app; sourceTree = BUILT_PRODUCTS_DIR; };
		A64221922181A73B0018A7F4 /* AppDelegate.swift */ = {isa = PBXFileReference; lastKnownFileType = sourcecode.swift; path = AppDelegate.swift; sourceTree = "<group>"; };
		A64221942181A73B0018A7F4 /* ViewController.swift */ = {isa = PBXFileReference; lastKnownFileType = sourcecode.swift; path = ViewController.swift; sourceTree = "<group>"; };
		A64221972181A73B0018A7F4 /* Base */ = {isa = PBXFileReference; lastKnownFileType = file.storyboard; name = Base; path = Base.lproj/Main.storyboard; sourceTree = "<group>"; };
		A642219A2181A73B0018A7F4 /* Signup.xcdatamodel */ = {isa = PBXFileReference; lastKnownFileType = wrapper.xcdatamodel; path = Signup.xcdatamodel; sourceTree = "<group>"; };
		A642219C2181A73D0018A7F4 /* Assets.xcassets */ = {isa = PBXFileReference; lastKnownFileType = folder.assetcatalog; path = Assets.xcassets; sourceTree = "<group>"; };
		A642219F2181A73D0018A7F4 /* Base */ = {isa = PBXFileReference; lastKnownFileType = file.storyboard; name = Base; path = Base.lproj/LaunchScreen.storyboard; sourceTree = "<group>"; };
		A64221A12181A73D0018A7F4 /* Info.plist */ = {isa = PBXFileReference; lastKnownFileType = text.plist.xml; path = Info.plist; sourceTree = "<group>"; };
		ACC9A83EC5BA55B6E325062F /* Pods-Signup.debug.xcconfig */ = {isa = PBXFileReference; includeInIndex = 1; lastKnownFileType = text.xcconfig; name = "Pods-Signup.debug.xcconfig"; path = "Pods/Target Support Files/Pods-Signup/Pods-Signup.debug.xcconfig"; sourceTree = "<group>"; };
		CA278CC42188C1700079812F /* TextFieldView.xib */ = {isa = PBXFileReference; fileEncoding = 4; lastKnownFileType = file.xib; path = TextFieldView.xib; sourceTree = "<group>"; };
		CA278CC72188C40E0079812F /* CitiesTableViewCell.swift */ = {isa = PBXFileReference; lastKnownFileType = sourcecode.swift; path = CitiesTableViewCell.swift; sourceTree = "<group>"; };
		CA278CC82188C40E0079812F /* CitiesTableViewCell.xib */ = {isa = PBXFileReference; lastKnownFileType = file.xib; path = CitiesTableViewCell.xib; sourceTree = "<group>"; };
		CA45D1EF2187046300CFA7C4 /* GoogleAutocomplete.swift */ = {isa = PBXFileReference; lastKnownFileType = sourcecode.swift; path = GoogleAutocomplete.swift; sourceTree = "<group>"; };
		CA45D1F1218710D900CFA7C4 /* TextFieldModel.swift */ = {isa = PBXFileReference; lastKnownFileType = sourcecode.swift; path = TextFieldModel.swift; sourceTree = "<group>"; };
		CABA16DA2185C17B007FE918 /* CollectionViewCell.swift */ = {isa = PBXFileReference; lastKnownFileType = sourcecode.swift; path = CollectionViewCell.swift; sourceTree = "<group>"; };
		CABA16DB2185C17B007FE918 /* CollectionViewCell.xib */ = {isa = PBXFileReference; lastKnownFileType = file.xib; path = CollectionViewCell.xib; sourceTree = "<group>"; };
		CABA16E02185DB70007FE918 /* Steps.swift */ = {isa = PBXFileReference; lastKnownFileType = sourcecode.swift; path = Steps.swift; sourceTree = "<group>"; };
		CABA16E22185F0AD007FE918 /* TextFieldView.swift */ = {isa = PBXFileReference; lastKnownFileType = sourcecode.swift; path = TextFieldView.swift; sourceTree = "<group>"; };
/* End PBXFileReference section */

/* Begin PBXFrameworksBuildPhase section */
		A642218C2181A73B0018A7F4 /* Frameworks */ = {
			isa = PBXFrameworksBuildPhase;
			buildActionMask = 2147483647;
			files = (
				E553CCCA1AD22CFB4AB5BA60 /* Pods_Signup.framework in Frameworks */,
			);
			runOnlyForDeploymentPostprocessing = 0;
		};
/* End PBXFrameworksBuildPhase section */

/* Begin PBXGroup section */
		8D5E41CBE30AEB4D9362913A /* Pods */ = {
			isa = PBXGroup;
			children = (
				ACC9A83EC5BA55B6E325062F /* Pods-Signup.debug.xcconfig */,
				54431098D6FA10E4019A6406 /* Pods-Signup.release.xcconfig */,
			);
			name = Pods;
			sourceTree = "<group>";
		};
		A64221862181A73B0018A7F4 = {
			isa = PBXGroup;
			children = (
				A64221912181A73B0018A7F4 /* Signup */,
				A64221902181A73B0018A7F4 /* Products */,
				8D5E41CBE30AEB4D9362913A /* Pods */,
				DD48E2B0CC1F901998FBBA59 /* Frameworks */,
			);
			sourceTree = "<group>";
		};
		A64221902181A73B0018A7F4 /* Products */ = {
			isa = PBXGroup;
			children = (
				A642218F2181A73B0018A7F4 /* Signup.app */,
			);
			name = Products;
			sourceTree = "<group>";
		};
		A64221912181A73B0018A7F4 /* Signup */ = {
			isa = PBXGroup;
			children = (
				CA278CC62188C3D90079812F /* Cells */,
				CA45D1EE218700F900CFA7C4 /* GooglePlaces */,
				A64221922181A73B0018A7F4 /* AppDelegate.swift */,
				CA45D1ED21862A3400CFA7C4 /* Pager */,
				CABA16E22185F0AD007FE918 /* TextFieldView.swift */,
				CA45D1F1218710D900CFA7C4 /* TextFieldModel.swift */,
				CA278CC42188C1700079812F /* TextFieldView.xib */,
				A64221A12181A73D0018A7F4 /* Info.plist */,
				CA45D1EC21862A0500CFA7C4 /* Supporting Files */,
			);
			path = Signup;
			sourceTree = "<group>";
		};
		CA278CC62188C3D90079812F /* Cells */ = {
			isa = PBXGroup;
			children = (
				CA278CC72188C40E0079812F /* CitiesTableViewCell.swift */,
				CA278CC82188C40E0079812F /* CitiesTableViewCell.xib */,
			);
			path = Cells;
			sourceTree = "<group>";
		};
		CA45D1EC21862A0500CFA7C4 /* Supporting Files */ = {
			isa = PBXGroup;
			children = (
				A64221962181A73B0018A7F4 /* Main.storyboard */,
				A642219E2181A73D0018A7F4 /* LaunchScreen.storyboard */,
				A642219C2181A73D0018A7F4 /* Assets.xcassets */,
				A64221992181A73B0018A7F4 /* Signup.xcdatamodeld */,
			);
			path = "Supporting Files";
			sourceTree = "<group>";
		};
		CA45D1ED21862A3400CFA7C4 /* Pager */ = {
			isa = PBXGroup;
			children = (
				CABA16E02185DB70007FE918 /* Steps.swift */,
				A64221942181A73B0018A7F4 /* ViewController.swift */,
				CABA16DA2185C17B007FE918 /* CollectionViewCell.swift */,
				CABA16DB2185C17B007FE918 /* CollectionViewCell.xib */,
			);
			path = Pager;
			sourceTree = "<group>";
		};
		CA45D1EE218700F900CFA7C4 /* GooglePlaces */ = {
			isa = PBXGroup;
			children = (
				CA45D1EF2187046300CFA7C4 /* GoogleAutocomplete.swift */,
			);
			path = GooglePlaces;
			sourceTree = "<group>";
		};
		DD48E2B0CC1F901998FBBA59 /* Frameworks */ = {
			isa = PBXGroup;
			children = (
				0755B72B1FF47D62E8164A18 /* Pods_Signup.framework */,
			);
			name = Frameworks;
			sourceTree = "<group>";
		};
/* End PBXGroup section */

/* Begin PBXNativeTarget section */
		A642218E2181A73B0018A7F4 /* Signup */ = {
			isa = PBXNativeTarget;
			buildConfigurationList = A64221A42181A73D0018A7F4 /* Build configuration list for PBXNativeTarget "Signup" */;
			buildPhases = (
				8A5AF69525B48FF55B88AC5E /* [CP] Check Pods Manifest.lock */,
				A642218B2181A73B0018A7F4 /* Sources */,
				A642218C2181A73B0018A7F4 /* Frameworks */,
				A642218D2181A73B0018A7F4 /* Resources */,
				E4E9F1AB45FA98659A75017D /* [CP] Copy Pods Resources */,
				2279160F4D4CE7AEC282BFC2 /* [CP] Embed Pods Frameworks */,
			);
			buildRules = (
			);
			dependencies = (
			);
			name = Signup;
			productName = Signup;
			productReference = A642218F2181A73B0018A7F4 /* Signup.app */;
			productType = "com.apple.product-type.application";
		};
/* End PBXNativeTarget section */

/* Begin PBXProject section */
		A64221872181A73B0018A7F4 /* Project object */ = {
			isa = PBXProject;
			attributes = {
				LastSwiftUpdateCheck = 0940;
				LastUpgradeCheck = 0940;
				ORGANIZATIONNAME = Moveo;
				TargetAttributes = {
					A642218E2181A73B0018A7F4 = {
						CreatedOnToolsVersion = 9.4;
						LastSwiftMigration = 1000;
					};
				};
			};
			buildConfigurationList = A642218A2181A73B0018A7F4 /* Build configuration list for PBXProject "Signup" */;
			compatibilityVersion = "Xcode 9.3";
			developmentRegion = en;
			hasScannedForEncodings = 0;
			knownRegions = (
				en,
				Base,
			);
			mainGroup = A64221862181A73B0018A7F4;
			productRefGroup = A64221902181A73B0018A7F4 /* Products */;
			projectDirPath = "";
			projectRoot = "";
			targets = (
				A642218E2181A73B0018A7F4 /* Signup */,
			);
		};
/* End PBXProject section */

/* Begin PBXResourcesBuildPhase section */
		A642218D2181A73B0018A7F4 /* Resources */ = {
			isa = PBXResourcesBuildPhase;
			buildActionMask = 2147483647;
			files = (
				CA278CCA2188C40E0079812F /* CitiesTableViewCell.xib in Resources */,
				CA278CC52188C1710079812F /* TextFieldView.xib in Resources */,
				A64221A02181A73D0018A7F4 /* LaunchScreen.storyboard in Resources */,
				A642219D2181A73D0018A7F4 /* Assets.xcassets in Resources */,
				A64221982181A73B0018A7F4 /* Main.storyboard in Resources */,
				CABA16DD2185C17B007FE918 /* CollectionViewCell.xib in Resources */,
			);
			runOnlyForDeploymentPostprocessing = 0;
		};
/* End PBXResourcesBuildPhase section */

/* Begin PBXShellScriptBuildPhase section */
		2279160F4D4CE7AEC282BFC2 /* [CP] Embed Pods Frameworks */ = {
			isa = PBXShellScriptBuildPhase;
			buildActionMask = 2147483647;
			files = (
			);
			inputFileListPaths = (
			);
			inputPaths = (
				"${SRCROOT}/Pods/Target Support Files/Pods-Signup/Pods-Signup-frameworks.sh",
				"${BUILT_PRODUCTS_DIR}/Alamofire/Alamofire.framework",
				"${BUILT_PRODUCTS_DIR}/Bolts/Bolts.framework",
				"${BUILT_PRODUCTS_DIR}/FBSDKCoreKit/FBSDKCoreKit.framework",
				"${BUILT_PRODUCTS_DIR}/FBSDKLoginKit/FBSDKLoginKit.framework",
				"${BUILT_PRODUCTS_DIR}/FBSDKShareKit/FBSDKShareKit.framework",
				"${BUILT_PRODUCTS_DIR}/SwiftyJSON/SwiftyJSON.framework",
			);
			name = "[CP] Embed Pods Frameworks";
			outputFileListPaths = (
			);
			outputPaths = (
				"${TARGET_BUILD_DIR}/${FRAMEWORKS_FOLDER_PATH}/Alamofire.framework",
				"${TARGET_BUILD_DIR}/${FRAMEWORKS_FOLDER_PATH}/Bolts.framework",
				"${TARGET_BUILD_DIR}/${FRAMEWORKS_FOLDER_PATH}/FBSDKCoreKit.framework",
				"${TARGET_BUILD_DIR}/${FRAMEWORKS_FOLDER_PATH}/FBSDKLoginKit.framework",
				"${TARGET_BUILD_DIR}/${FRAMEWORKS_FOLDER_PATH}/FBSDKShareKit.framework",
				"${TARGET_BUILD_DIR}/${FRAMEWORKS_FOLDER_PATH}/SwiftyJSON.framework",
			);
			runOnlyForDeploymentPostprocessing = 0;
			shellPath = /bin/sh;
			shellScript = "\"${SRCROOT}/Pods/Target Support Files/Pods-Signup/Pods-Signup-frameworks.sh\"\n";
			showEnvVarsInLog = 0;
		};
		8A5AF69525B48FF55B88AC5E /* [CP] Check Pods Manifest.lock */ = {
			isa = PBXShellScriptBuildPhase;
			buildActionMask = 2147483647;
			files = (
			);
			inputFileListPaths = (
			);
			inputPaths = (
				"${PODS_PODFILE_DIR_PATH}/Podfile.lock",
				"${PODS_ROOT}/Manifest.lock",
			);
			name = "[CP] Check Pods Manifest.lock";
			outputFileListPaths = (
			);
			outputPaths = (
				"$(DERIVED_FILE_DIR)/Pods-Signup-checkManifestLockResult.txt",
			);
			runOnlyForDeploymentPostprocessing = 0;
			shellPath = /bin/sh;
			shellScript = "diff \"${PODS_PODFILE_DIR_PATH}/Podfile.lock\" \"${PODS_ROOT}/Manifest.lock\" > /dev/null\nif [ $? != 0 ] ; then\n    # print error to STDERR\n    echo \"error: The sandbox is not in sync with the Podfile.lock. Run 'pod install' or update your CocoaPods installation.\" >&2\n    exit 1\nfi\n# This output is used by Xcode 'outputs' to avoid re-running this script phase.\necho \"SUCCESS\" > \"${SCRIPT_OUTPUT_FILE_0}\"\n";
			showEnvVarsInLog = 0;
		};
		E4E9F1AB45FA98659A75017D /* [CP] Copy Pods Resources */ = {
			isa = PBXShellScriptBuildPhase;
			buildActionMask = 2147483647;
			files = (
			);
			inputFileListPaths = (
			);
			inputPaths = (
				"${SRCROOT}/Pods/Target Support Files/Pods-Signup/Pods-Signup-resources.sh",
				"${PODS_ROOT}/GoogleMaps/Maps/Frameworks/GoogleMaps.framework/Resources/GoogleMaps.bundle",
				"${PODS_ROOT}/GooglePlaces/Frameworks/GooglePlaces.framework/Resources/GooglePlaces.bundle",
			);
			name = "[CP] Copy Pods Resources";
			outputFileListPaths = (
			);
			outputPaths = (
				"${TARGET_BUILD_DIR}/${UNLOCALIZED_RESOURCES_FOLDER_PATH}/GoogleMaps.bundle",
				"${TARGET_BUILD_DIR}/${UNLOCALIZED_RESOURCES_FOLDER_PATH}/GooglePlaces.bundle",
			);
			runOnlyForDeploymentPostprocessing = 0;
			shellPath = /bin/sh;
			shellScript = "\"${SRCROOT}/Pods/Target Support Files/Pods-Signup/Pods-Signup-resources.sh\"\n";
			showEnvVarsInLog = 0;
		};
/* End PBXShellScriptBuildPhase section */

/* Begin PBXSourcesBuildPhase section */
		A642218B2181A73B0018A7F4 /* Sources */ = {
			isa = PBXSourcesBuildPhase;
			buildActionMask = 2147483647;
			files = (
				CABA16DC2185C17B007FE918 /* CollectionViewCell.swift in Sources */,
				CA45D1F2218710D900CFA7C4 /* TextFieldModel.swift in Sources */,
				A64221952181A73B0018A7F4 /* ViewController.swift in Sources */,
				CA278CC92188C40E0079812F /* CitiesTableViewCell.swift in Sources */,
				CABA16E32185F0AD007FE918 /* TextFieldView.swift in Sources */,
				CABA16E12185DB70007FE918 /* Steps.swift in Sources */,
				CA45D1F02187046300CFA7C4 /* GoogleAutocomplete.swift in Sources */,
				A64221932181A73B0018A7F4 /* AppDelegate.swift in Sources */,
				A642219B2181A73B0018A7F4 /* Signup.xcdatamodeld in Sources */,
			);
			runOnlyForDeploymentPostprocessing = 0;
		};
/* End PBXSourcesBuildPhase section */

/* Begin PBXVariantGroup section */
		A64221962181A73B0018A7F4 /* Main.storyboard */ = {
			isa = PBXVariantGroup;
			children = (
				A64221972181A73B0018A7F4 /* Base */,
			);
			name = Main.storyboard;
			sourceTree = "<group>";
		};
		A642219E2181A73D0018A7F4 /* LaunchScreen.storyboard */ = {
			isa = PBXVariantGroup;
			children = (
				A642219F2181A73D0018A7F4 /* Base */,
			);
			name = LaunchScreen.storyboard;
			sourceTree = "<group>";
		};
/* End PBXVariantGroup section */

/* Begin XCBuildConfiguration section */
		A64221A22181A73D0018A7F4 /* Debug */ = {
			isa = XCBuildConfiguration;
			buildSettings = {
				ALWAYS_SEARCH_USER_PATHS = NO;
				CLANG_ANALYZER_NONNULL = YES;
				CLANG_ANALYZER_NUMBER_OBJECT_CONVERSION = YES_AGGRESSIVE;
				CLANG_CXX_LANGUAGE_STANDARD = "gnu++14";
				CLANG_CXX_LIBRARY = "libc++";
				CLANG_ENABLE_MODULES = YES;
				CLANG_ENABLE_OBJC_ARC = YES;
				CLANG_ENABLE_OBJC_WEAK = YES;
				CLANG_WARN_BLOCK_CAPTURE_AUTORELEASING = YES;
				CLANG_WARN_BOOL_CONVERSION = YES;
				CLANG_WARN_COMMA = YES;
				CLANG_WARN_CONSTANT_CONVERSION = YES;
				CLANG_WARN_DEPRECATED_OBJC_IMPLEMENTATIONS = YES;
				CLANG_WARN_DIRECT_OBJC_ISA_USAGE = YES_ERROR;
				CLANG_WARN_DOCUMENTATION_COMMENTS = YES;
				CLANG_WARN_EMPTY_BODY = YES;
				CLANG_WARN_ENUM_CONVERSION = YES;
				CLANG_WARN_INFINITE_RECURSION = YES;
				CLANG_WARN_INT_CONVERSION = YES;
				CLANG_WARN_NON_LITERAL_NULL_CONVERSION = YES;
				CLANG_WARN_OBJC_IMPLICIT_RETAIN_SELF = YES;
				CLANG_WARN_OBJC_LITERAL_CONVERSION = YES;
				CLANG_WARN_OBJC_ROOT_CLASS = YES_ERROR;
				CLANG_WARN_RANGE_LOOP_ANALYSIS = YES;
				CLANG_WARN_STRICT_PROTOTYPES = YES;
				CLANG_WARN_SUSPICIOUS_MOVE = YES;
				CLANG_WARN_UNGUARDED_AVAILABILITY = YES_AGGRESSIVE;
				CLANG_WARN_UNREACHABLE_CODE = YES;
				CLANG_WARN__DUPLICATE_METHOD_MATCH = YES;
				CODE_SIGN_IDENTITY = "iPhone Developer";
				COPY_PHASE_STRIP = NO;
				DEBUG_INFORMATION_FORMAT = dwarf;
				ENABLE_STRICT_OBJC_MSGSEND = YES;
				ENABLE_TESTABILITY = YES;
				GCC_C_LANGUAGE_STANDARD = gnu11;
				GCC_DYNAMIC_NO_PIC = NO;
				GCC_NO_COMMON_BLOCKS = YES;
				GCC_OPTIMIZATION_LEVEL = 0;
				GCC_PREPROCESSOR_DEFINITIONS = (
					"DEBUG=1",
					"$(inherited)",
				);
				GCC_WARN_64_TO_32_BIT_CONVERSION = YES;
				GCC_WARN_ABOUT_RETURN_TYPE = YES_ERROR;
				GCC_WARN_UNDECLARED_SELECTOR = YES;
				GCC_WARN_UNINITIALIZED_AUTOS = YES_AGGRESSIVE;
				GCC_WARN_UNUSED_FUNCTION = YES;
				GCC_WARN_UNUSED_VARIABLE = YES;
				IPHONEOS_DEPLOYMENT_TARGET = 11.4;
				MTL_ENABLE_DEBUG_INFO = YES;
				ONLY_ACTIVE_ARCH = YES;
				SDKROOT = iphoneos;
				SWIFT_ACTIVE_COMPILATION_CONDITIONS = DEBUG;
				SWIFT_OPTIMIZATION_LEVEL = "-Onone";
			};
			name = Debug;
		};
		A64221A32181A73D0018A7F4 /* Release */ = {
			isa = XCBuildConfiguration;
			buildSettings = {
				ALWAYS_SEARCH_USER_PATHS = NO;
				CLANG_ANALYZER_NONNULL = YES;
				CLANG_ANALYZER_NUMBER_OBJECT_CONVERSION = YES_AGGRESSIVE;
				CLANG_CXX_LANGUAGE_STANDARD = "gnu++14";
				CLANG_CXX_LIBRARY = "libc++";
				CLANG_ENABLE_MODULES = YES;
				CLANG_ENABLE_OBJC_ARC = YES;
				CLANG_ENABLE_OBJC_WEAK = YES;
				CLANG_WARN_BLOCK_CAPTURE_AUTORELEASING = YES;
				CLANG_WARN_BOOL_CONVERSION = YES;
				CLANG_WARN_COMMA = YES;
				CLANG_WARN_CONSTANT_CONVERSION = YES;
				CLANG_WARN_DEPRECATED_OBJC_IMPLEMENTATIONS = YES;
				CLANG_WARN_DIRECT_OBJC_ISA_USAGE = YES_ERROR;
				CLANG_WARN_DOCUMENTATION_COMMENTS = YES;
				CLANG_WARN_EMPTY_BODY = YES;
				CLANG_WARN_ENUM_CONVERSION = YES;
				CLANG_WARN_INFINITE_RECURSION = YES;
				CLANG_WARN_INT_CONVERSION = YES;
				CLANG_WARN_NON_LITERAL_NULL_CONVERSION = YES;
				CLANG_WARN_OBJC_IMPLICIT_RETAIN_SELF = YES;
				CLANG_WARN_OBJC_LITERAL_CONVERSION = YES;
				CLANG_WARN_OBJC_ROOT_CLASS = YES_ERROR;
				CLANG_WARN_RANGE_LOOP_ANALYSIS = YES;
				CLANG_WARN_STRICT_PROTOTYPES = YES;
				CLANG_WARN_SUSPICIOUS_MOVE = YES;
				CLANG_WARN_UNGUARDED_AVAILABILITY = YES_AGGRESSIVE;
				CLANG_WARN_UNREACHABLE_CODE = YES;
				CLANG_WARN__DUPLICATE_METHOD_MATCH = YES;
				CODE_SIGN_IDENTITY = "iPhone Developer";
				COPY_PHASE_STRIP = NO;
				DEBUG_INFORMATION_FORMAT = "dwarf-with-dsym";
				ENABLE_NS_ASSERTIONS = NO;
				ENABLE_STRICT_OBJC_MSGSEND = YES;
				GCC_C_LANGUAGE_STANDARD = gnu11;
				GCC_NO_COMMON_BLOCKS = YES;
				GCC_WARN_64_TO_32_BIT_CONVERSION = YES;
				GCC_WARN_ABOUT_RETURN_TYPE = YES_ERROR;
				GCC_WARN_UNDECLARED_SELECTOR = YES;
				GCC_WARN_UNINITIALIZED_AUTOS = YES_AGGRESSIVE;
				GCC_WARN_UNUSED_FUNCTION = YES;
				GCC_WARN_UNUSED_VARIABLE = YES;
				IPHONEOS_DEPLOYMENT_TARGET = 11.4;
				MTL_ENABLE_DEBUG_INFO = NO;
				SDKROOT = iphoneos;
				SWIFT_COMPILATION_MODE = wholemodule;
				SWIFT_OPTIMIZATION_LEVEL = "-O";
				VALIDATE_PRODUCT = YES;
			};
			name = Release;
		};
		A64221A52181A73D0018A7F4 /* Debug */ = {
			isa = XCBuildConfiguration;
			baseConfigurationReference = ACC9A83EC5BA55B6E325062F /* Pods-Signup.debug.xcconfig */;
			buildSettings = {
				ASSETCATALOG_COMPILER_APPICON_NAME = AppIcon;
				CODE_SIGN_STYLE = Automatic;
				DEVELOPMENT_TEAM = D8497HM7PW;
				INFOPLIST_FILE = Signup/Info.plist;
				IPHONEOS_DEPLOYMENT_TARGET = 11.4;
				LD_RUNPATH_SEARCH_PATHS = (
					"$(inherited)",
					"@executable_path/Frameworks",
				);
				PRODUCT_BUNDLE_IDENTIFIER = moveo.Signup;
				PRODUCT_NAME = "$(TARGET_NAME)";
				SWIFT_VERSION = 4.2;
				TARGETED_DEVICE_FAMILY = "1,2";
			};
			name = Debug;
		};
		A64221A62181A73D0018A7F4 /* Release */ = {
			isa = XCBuildConfiguration;
			baseConfigurationReference = 54431098D6FA10E4019A6406 /* Pods-Signup.release.xcconfig */;
			buildSettings = {
				ASSETCATALOG_COMPILER_APPICON_NAME = AppIcon;
				CODE_SIGN_STYLE = Automatic;
				DEVELOPMENT_TEAM = D8497HM7PW;
				INFOPLIST_FILE = Signup/Info.plist;
				IPHONEOS_DEPLOYMENT_TARGET = 11.4;
				LD_RUNPATH_SEARCH_PATHS = (
					"$(inherited)",
					"@executable_path/Frameworks",
				);
				PRODUCT_BUNDLE_IDENTIFIER = moveo.Signup;
				PRODUCT_NAME = "$(TARGET_NAME)";
				SWIFT_VERSION = 4.2;
				TARGETED_DEVICE_FAMILY = "1,2";
			};
			name = Release;
		};
/* End XCBuildConfiguration section */

/* Begin XCConfigurationList section */
		A642218A2181A73B0018A7F4 /* Build configuration list for PBXProject "Signup" */ = {
			isa = XCConfigurationList;
			buildConfigurations = (
				A64221A22181A73D0018A7F4 /* Debug */,
				A64221A32181A73D0018A7F4 /* Release */,
			);
			defaultConfigurationIsVisible = 0;
			defaultConfigurationName = Release;
		};
		A64221A42181A73D0018A7F4 /* Build configuration list for PBXNativeTarget "Signup" */ = {
			isa = XCConfigurationList;
			buildConfigurations = (
				A64221A52181A73D0018A7F4 /* Debug */,
				A64221A62181A73D0018A7F4 /* Release */,
			);
			defaultConfigurationIsVisible = 0;
			defaultConfigurationName = Release;
		};
/* End XCConfigurationList section */

/* Begin XCVersionGroup section */
		A64221992181A73B0018A7F4 /* Signup.xcdatamodeld */ = {
			isa = XCVersionGroup;
			children = (
				A642219A2181A73B0018A7F4 /* Signup.xcdatamodel */,
			);
			currentVersion = A642219A2181A73B0018A7F4 /* Signup.xcdatamodel */;
			path = Signup.xcdatamodeld;
			sourceTree = "<group>";
			versionGroupType = wrapper.xcdatamodel;
		};
/* End XCVersionGroup section */
	};
	rootObject = A64221872181A73B0018A7F4 /* Project object */;
}
